
Microsoft Visual Studio Solution File, Format Version 12.00
# Visual Studio Version 17
VisualStudioVersion = 17.6.33723.286
MinimumVisualStudioVersion = 10.0.40219.1
Project("{FAE04EC0-301F-11D3-BF4B-00C04F79EFBC}") = "AuthenticationAPI2", "AuthenticationAPI2.csproj", "{FAB353E3-4621-4CA5-A9AC-AF032E5F394F}"
EndProject
Global
	GlobalSection(SolutionConfigurationPlatforms) = preSolution
		Debug|Any CPU = Debug|Any CPU
		Release|Any CPU = Release|Any CPU
	EndGlobalSection
	GlobalSection(ProjectConfigurationPlatforms) = postSolution
		{FAB353E3-4621-4CA5-A9AC-AF032E5F394F}.Debug|Any CPU.ActiveCfg = Debug|Any CPU
		{FAB353E3-4621-4CA5-A9AC-AF032E5F394F}.Debug|Any CPU.Build.0 = Debug|Any CPU
		{FAB353E3-4621-4CA5-A9AC-AF032E5F394F}.Release|Any CPU.ActiveCfg = Release|Any CPU
		{FAB353E3-4621-4CA5-A9AC-AF032E5F394F}.Release|Any CPU.Build.0 = Release|Any CPU
	EndGlobalSection
	GlobalSection(SolutionProperties) = preSolution
		HideSolutionNode = FALSE
	EndGlobalSection
	GlobalSection(ExtensibilityGlobals) = postSolution
		SolutionGuid = {4737AA00-2533-45F6-9BB7-5A971162A390}
	EndGlobalSection
EndGlobal
